
Microsoft Visual Studio Solution File, Format Version 12.00
# Visual Studio Version 16
VisualStudioVersion = 16.0.31205.134
MinimumVisualStudioVersion = 10.0.40219.1
Project("{FAE04EC0-301F-11D3-BF4B-00C04F79EFBC}") = "block5_1_WPF", "block5_1_WPF\block5_1_WPF.csproj", "{7F2B7779-DECC-42F1-9FFC-6D32BC05E14E}"
EndProject
Global
	GlobalSection(SolutionConfigurationPlatforms) = preSolution
		Debug|Any CPU = Debug|Any CPU
		Release|Any CPU = Release|Any CPU
	EndGlobalSection
	GlobalSection(ProjectConfigurationPlatforms) = postSolution
		{7F2B7779-DECC-42F1-9FFC-6D32BC05E14E}.Debug|Any CPU.ActiveCfg = Debug|Any CPU
		{7F2B7779-DECC-42F1-9FFC-6D32BC05E14E}.Debug|Any CPU.Build.0 = Debug|Any CPU
		{7F2B7779-DECC-42F1-9FFC-6D32BC05E14E}.Release|Any CPU.ActiveCfg = Release|Any CPU
		{7F2B7779-DECC-42F1-9FFC-6D32BC05E14E}.Release|Any CPU.Build.0 = Release|Any CPU
	EndGlobalSection
	GlobalSection(SolutionProperties) = preSolution
		HideSolutionNode = FALSE
	EndGlobalSection
	GlobalSection(ExtensibilityGlobals) = postSolution
		SolutionGuid = {6421263A-A201-43C5-890E-5F06448B69E9}
	EndGlobalSection
EndGlobal
