
Microsoft Visual Studio Solution File, Format Version 12.00
# Visual Studio Version 16
VisualStudioVersion = 16.0.30611.23
MinimumVisualStudioVersion = 10.0.40219.1
Project("{FAE04EC0-301F-11D3-BF4B-00C04F79EFBC}") = "bl2_less8_1", "bl2_less8_1\bl2_less8_1.csproj", "{BD85C2E5-26AE-4461-A94F-ED953979FCB6}"
EndProject
Project("{FAE04EC0-301F-11D3-BF4B-00C04F79EFBC}") = "bl2_less8_2", "bl2_less8_2\bl2_less8_2.csproj", "{7988157E-E7CC-49E5-94B1-116C13C0DCC8}"
EndProject
Global
	GlobalSection(SolutionConfigurationPlatforms) = preSolution
		Debug|Any CPU = Debug|Any CPU
		Release|Any CPU = Release|Any CPU
	EndGlobalSection
	GlobalSection(ProjectConfigurationPlatforms) = postSolution
		{BD85C2E5-26AE-4461-A94F-ED953979FCB6}.Debug|Any CPU.ActiveCfg = Debug|Any CPU
		{BD85C2E5-26AE-4461-A94F-ED953979FCB6}.Debug|Any CPU.Build.0 = Debug|Any CPU
		{BD85C2E5-26AE-4461-A94F-ED953979FCB6}.Release|Any CPU.ActiveCfg = Release|Any CPU
		{BD85C2E5-26AE-4461-A94F-ED953979FCB6}.Release|Any CPU.Build.0 = Release|Any CPU
		{7988157E-E7CC-49E5-94B1-116C13C0DCC8}.Debug|Any CPU.ActiveCfg = Debug|Any CPU
		{7988157E-E7CC-49E5-94B1-116C13C0DCC8}.Debug|Any CPU.Build.0 = Debug|Any CPU
		{7988157E-E7CC-49E5-94B1-116C13C0DCC8}.Release|Any CPU.ActiveCfg = Release|Any CPU
		{7988157E-E7CC-49E5-94B1-116C13C0DCC8}.Release|Any CPU.Build.0 = Release|Any CPU
	EndGlobalSection
	GlobalSection(SolutionProperties) = preSolution
		HideSolutionNode = FALSE
	EndGlobalSection
	GlobalSection(ExtensibilityGlobals) = postSolution
		SolutionGuid = {FD1826DB-BFCE-422E-83BA-F634F5B1088C}
	EndGlobalSection
EndGlobal
