
Microsoft Visual Studio Solution File, Format Version 12.00
# Visual Studio Version 16
VisualStudioVersion = 16.0.31112.23
MinimumVisualStudioVersion = 10.0.40219.1
Project("{9A19103F-16F7-4668-BE54-9A1E7A4F7556}") = "MetricsManagerTest", "MetricsManagerTest\MetricsManagerTest.csproj", "{CEB3416E-B97D-4FBD-A255-3D4C023D3D60}"
	ProjectSection(ProjectDependencies) = postProject
		{A7A6000B-0D1F-4682-8F77-6A9EE076BD21} = {A7A6000B-0D1F-4682-8F77-6A9EE076BD21}
		{66EAE0A6-1F7D-4D0B-9FE6-2E72197B4481} = {66EAE0A6-1F7D-4D0B-9FE6-2E72197B4481}
	EndProjectSection
EndProject
Project("{9A19103F-16F7-4668-BE54-9A1E7A4F7556}") = "MetricsAgent", "MetricsAgent\MetricsAgent.csproj", "{8BC6F2C0-3A21-43F6-A247-D14FCBFDC544}"
EndProject
Project("{9A19103F-16F7-4668-BE54-9A1E7A4F7556}") = "MetricsAgentTest", "MetricsAgentTest\MetricsAgentTest.csproj", "{02431A91-FE7B-4142-AA7A-7D1AAC00FE84}"
EndProject
Project("{9A19103F-16F7-4668-BE54-9A1E7A4F7556}") = "MetricsLibrary", "MetricsLibrary\MetricsLibrary.csproj", "{162F3C72-D622-4022-A88E-E803DFE9F7DF}"
EndProject
Project("{9A19103F-16F7-4668-BE54-9A1E7A4F7556}") = "Core", "Core\Core.csproj", "{A7A6000B-0D1F-4682-8F77-6A9EE076BD21}"
EndProject
Project("{9A19103F-16F7-4668-BE54-9A1E7A4F7556}") = "MetricsManager", "MetricsManager\MetricsManager.csproj", "{66EAE0A6-1F7D-4D0B-9FE6-2E72197B4481}"
EndProject
Project("{FAE04EC0-301F-11D3-BF4B-00C04F79EFBC}") = "MetricsManagerClient", "MetricsManagerClient\MetricsManagerClient.csproj", "{774E0B6F-F063-4756-BD33-C63BDE58FF3E}"
	ProjectSection(ProjectDependencies) = postProject
		{8BC6F2C0-3A21-43F6-A247-D14FCBFDC544} = {8BC6F2C0-3A21-43F6-A247-D14FCBFDC544}
	EndProjectSection
EndProject
Global
	GlobalSection(SolutionConfigurationPlatforms) = preSolution
		Debug|Any CPU = Debug|Any CPU
		Release|Any CPU = Release|Any CPU
	EndGlobalSection
	GlobalSection(ProjectConfigurationPlatforms) = postSolution
		{CEB3416E-B97D-4FBD-A255-3D4C023D3D60}.Debug|Any CPU.ActiveCfg = Debug|Any CPU
		{CEB3416E-B97D-4FBD-A255-3D4C023D3D60}.Debug|Any CPU.Build.0 = Debug|Any CPU
		{CEB3416E-B97D-4FBD-A255-3D4C023D3D60}.Release|Any CPU.ActiveCfg = Release|Any CPU
		{CEB3416E-B97D-4FBD-A255-3D4C023D3D60}.Release|Any CPU.Build.0 = Release|Any CPU
		{8BC6F2C0-3A21-43F6-A247-D14FCBFDC544}.Debug|Any CPU.ActiveCfg = Debug|Any CPU
		{8BC6F2C0-3A21-43F6-A247-D14FCBFDC544}.Debug|Any CPU.Build.0 = Debug|Any CPU
		{8BC6F2C0-3A21-43F6-A247-D14FCBFDC544}.Release|Any CPU.ActiveCfg = Release|Any CPU
		{8BC6F2C0-3A21-43F6-A247-D14FCBFDC544}.Release|Any CPU.Build.0 = Release|Any CPU
		{02431A91-FE7B-4142-AA7A-7D1AAC00FE84}.Debug|Any CPU.ActiveCfg = Debug|Any CPU
		{02431A91-FE7B-4142-AA7A-7D1AAC00FE84}.Debug|Any CPU.Build.0 = Debug|Any CPU
		{02431A91-FE7B-4142-AA7A-7D1AAC00FE84}.Release|Any CPU.ActiveCfg = Release|Any CPU
		{02431A91-FE7B-4142-AA7A-7D1AAC00FE84}.Release|Any CPU.Build.0 = Release|Any CPU
		{162F3C72-D622-4022-A88E-E803DFE9F7DF}.Debug|Any CPU.ActiveCfg = Debug|Any CPU
		{162F3C72-D622-4022-A88E-E803DFE9F7DF}.Debug|Any CPU.Build.0 = Debug|Any CPU
		{162F3C72-D622-4022-A88E-E803DFE9F7DF}.Release|Any CPU.ActiveCfg = Release|Any CPU
		{162F3C72-D622-4022-A88E-E803DFE9F7DF}.Release|Any CPU.Build.0 = Release|Any CPU
		{A7A6000B-0D1F-4682-8F77-6A9EE076BD21}.Debug|Any CPU.ActiveCfg = Debug|Any CPU
		{A7A6000B-0D1F-4682-8F77-6A9EE076BD21}.Debug|Any CPU.Build.0 = Debug|Any CPU
		{A7A6000B-0D1F-4682-8F77-6A9EE076BD21}.Release|Any CPU.ActiveCfg = Release|Any CPU
		{A7A6000B-0D1F-4682-8F77-6A9EE076BD21}.Release|Any CPU.Build.0 = Release|Any CPU
		{66EAE0A6-1F7D-4D0B-9FE6-2E72197B4481}.Debug|Any CPU.ActiveCfg = Debug|Any CPU
		{66EAE0A6-1F7D-4D0B-9FE6-2E72197B4481}.Debug|Any CPU.Build.0 = Debug|Any CPU
		{66EAE0A6-1F7D-4D0B-9FE6-2E72197B4481}.Release|Any CPU.ActiveCfg = Release|Any CPU
		{66EAE0A6-1F7D-4D0B-9FE6-2E72197B4481}.Release|Any CPU.Build.0 = Release|Any CPU
		{774E0B6F-F063-4756-BD33-C63BDE58FF3E}.Debug|Any CPU.ActiveCfg = Debug|Any CPU
		{774E0B6F-F063-4756-BD33-C63BDE58FF3E}.Debug|Any CPU.Build.0 = Debug|Any CPU
		{774E0B6F-F063-4756-BD33-C63BDE58FF3E}.Release|Any CPU.ActiveCfg = Release|Any CPU
		{774E0B6F-F063-4756-BD33-C63BDE58FF3E}.Release|Any CPU.Build.0 = Release|Any CPU
	EndGlobalSection
	GlobalSection(SolutionProperties) = preSolution
		HideSolutionNode = FALSE
	EndGlobalSection
	GlobalSection(ExtensibilityGlobals) = postSolution
		SolutionGuid = {B4216F81-AF58-4E9B-B3CE-9256F3F19FAC}
	EndGlobalSection
EndGlobal
