
Microsoft Visual Studio Solution File, Format Version 12.00
# Visual Studio Version 16
VisualStudioVersion = 16.0.30611.23
MinimumVisualStudioVersion = 10.0.40219.1
Project("{FAE04EC0-301F-11D3-BF4B-00C04F79EFBC}") = "bl2_less2_1", "bl2_less2_1\bl2_less2_1.csproj", "{2857E001-F651-440C-A2E1-350E878831C3}"
EndProject
Project("{FAE04EC0-301F-11D3-BF4B-00C04F79EFBC}") = "bl2_less2_2", "bl2_less2_2\bl2_less2_2.csproj", "{E8BA78D4-B8B3-4FB0-AEE2-5A1D948C7418}"
EndProject
Global
	GlobalSection(SolutionConfigurationPlatforms) = preSolution
		Debug|Any CPU = Debug|Any CPU
		Release|Any CPU = Release|Any CPU
	EndGlobalSection
	GlobalSection(ProjectConfigurationPlatforms) = postSolution
		{2857E001-F651-440C-A2E1-350E878831C3}.Debug|Any CPU.ActiveCfg = Debug|Any CPU
		{2857E001-F651-440C-A2E1-350E878831C3}.Debug|Any CPU.Build.0 = Debug|Any CPU
		{2857E001-F651-440C-A2E1-350E878831C3}.Release|Any CPU.ActiveCfg = Release|Any CPU
		{2857E001-F651-440C-A2E1-350E878831C3}.Release|Any CPU.Build.0 = Release|Any CPU
		{E8BA78D4-B8B3-4FB0-AEE2-5A1D948C7418}.Debug|Any CPU.ActiveCfg = Debug|Any CPU
		{E8BA78D4-B8B3-4FB0-AEE2-5A1D948C7418}.Debug|Any CPU.Build.0 = Debug|Any CPU
		{E8BA78D4-B8B3-4FB0-AEE2-5A1D948C7418}.Release|Any CPU.ActiveCfg = Release|Any CPU
		{E8BA78D4-B8B3-4FB0-AEE2-5A1D948C7418}.Release|Any CPU.Build.0 = Release|Any CPU
	EndGlobalSection
	GlobalSection(SolutionProperties) = preSolution
		HideSolutionNode = FALSE
	EndGlobalSection
	GlobalSection(ExtensibilityGlobals) = postSolution
		SolutionGuid = {6D07A50B-2ACF-4BCE-A9F8-75DC7644125F}
	EndGlobalSection
EndGlobal
