
Microsoft Visual Studio Solution File, Format Version 12.00
# Visual Studio Version 16
VisualStudioVersion = 16.0.31205.134
MinimumVisualStudioVersion = 10.0.40219.1
Project("{FAE04EC0-301F-11D3-BF4B-00C04F79EFBC}") = "block5_2", "block5_2\block5_2.csproj", "{E1BF48A9-89EE-4A02-B537-87786E9A926F}"
EndProject
Global
	GlobalSection(SolutionConfigurationPlatforms) = preSolution
		Debug|Any CPU = Debug|Any CPU
		Release|Any CPU = Release|Any CPU
	EndGlobalSection
	GlobalSection(ProjectConfigurationPlatforms) = postSolution
		{E1BF48A9-89EE-4A02-B537-87786E9A926F}.Debug|Any CPU.ActiveCfg = Debug|Any CPU
		{E1BF48A9-89EE-4A02-B537-87786E9A926F}.Debug|Any CPU.Build.0 = Debug|Any CPU
		{E1BF48A9-89EE-4A02-B537-87786E9A926F}.Release|Any CPU.ActiveCfg = Release|Any CPU
		{E1BF48A9-89EE-4A02-B537-87786E9A926F}.Release|Any CPU.Build.0 = Release|Any CPU
	EndGlobalSection
	GlobalSection(SolutionProperties) = preSolution
		HideSolutionNode = FALSE
	EndGlobalSection
	GlobalSection(ExtensibilityGlobals) = postSolution
		SolutionGuid = {EBE9C88D-0577-41D3-A621-B5E8DE39BE8E}
	EndGlobalSection
EndGlobal
